{
    "_meta": {
        "hash": {
            "sha256": "15b9ff98774894dd4d2df45791d2b8f6324f6d6621a6f523eb3abce3dd9143a0"
        },
        "pipfile-spec": 6,
        "requires": {
            "python_version": "3.8"
        },
        "sources": [
            {
                "name": "pypi",
                "url": "https://pypi.org/simple",
                "verify_ssl": true
            }
        ]
    },
    "default": {
        "tinytag": {
            "hashes": [
                "sha256:10e5db0550a6e46c5f391dc52a3a57963ec80d736aef63d5f09d268cf3575764"
            ],
            "index": "pypi",
            "version": "==1.2.2"
        }
    },
    "develop": {}
}
